
Microsoft Visual Studio Solution File, Format Version 12.00
# Visual Studio Version 17
VisualStudioVersion = 17.5.002.0
MinimumVisualStudioVersion = 10.0.40219.1
Project("{9A19103F-16F7-4668-BE54-9A1E7A4F7556}") = "SKNHPM", "SKNHPM.csproj", "{138A95BE-7FD6-4231-ABBD-285E2B3643B3}"
EndProject
Global
	GlobalSection(SolutionConfigurationPlatforms) = preSolution
		Debug|Any CPU = Debug|Any CPU
		Release|Any CPU = Release|Any CPU
	EndGlobalSection
	GlobalSection(ProjectConfigurationPlatforms) = postSolution
		{138A95BE-7FD6-4231-ABBD-285E2B3643B3}.Debug|Any CPU.ActiveCfg = Debug|Any CPU
		{138A95BE-7FD6-4231-ABBD-285E2B3643B3}.Debug|Any CPU.Build.0 = Debug|Any CPU
		{138A95BE-7FD6-4231-ABBD-285E2B3643B3}.Release|Any CPU.ActiveCfg = Release|Any CPU
		{138A95BE-7FD6-4231-ABBD-285E2B3643B3}.Release|Any CPU.Build.0 = Release|Any CPU
	EndGlobalSection
	GlobalSection(SolutionProperties) = preSolution
		HideSolutionNode = FALSE
	EndGlobalSection
	GlobalSection(ExtensibilityGlobals) = postSolution
		SolutionGuid = {95A72404-4AD9-4E3F-98AB-38593562828A}
	EndGlobalSection
EndGlobal
